
Microsoft Visual Studio Solution File, Format Version 12.00
# Visual Studio 15
VisualStudioVersion = 15.0.27130.2010
MinimumVisualStudioVersion = 10.0.40219.1
Project("{FAE04EC0-301F-11D3-BF4B-00C04F79EFBC}") = "Selfgram.Application", "Selfgram.Application\Selfgram.Application.csproj", "{A836FC51-7EA3-4B6B-A85E-AED7C15C5070}"
EndProject
Project("{E53339B2-1760-4266-BCC7-CA923CBCF16C}") = "docker-compose", "docker-compose.dcproj", "{E1A57E55-28BF-4822-BDD7-F8449F76C518}"
EndProject
Project("{9A19103F-16F7-4668-BE54-9A1E7A4F7556}") = "Selfgram.Model", "..\Selfgram.Model\Selfgram.Model.csproj", "{EF43BAE8-A81D-4089-B75A-EFDBD3BF65BC}"
EndProject
Global
	GlobalSection(SolutionConfigurationPlatforms) = preSolution
		Debug|Any CPU = Debug|Any CPU
		Release|Any CPU = Release|Any CPU
	EndGlobalSection
	GlobalSection(ProjectConfigurationPlatforms) = postSolution
		{A836FC51-7EA3-4B6B-A85E-AED7C15C5070}.Debug|Any CPU.ActiveCfg = Debug|Any CPU
		{A836FC51-7EA3-4B6B-A85E-AED7C15C5070}.Debug|Any CPU.Build.0 = Debug|Any CPU
		{A836FC51-7EA3-4B6B-A85E-AED7C15C5070}.Release|Any CPU.ActiveCfg = Release|Any CPU
		{A836FC51-7EA3-4B6B-A85E-AED7C15C5070}.Release|Any CPU.Build.0 = Release|Any CPU
		{E1A57E55-28BF-4822-BDD7-F8449F76C518}.Debug|Any CPU.ActiveCfg = Debug|Any CPU
		{E1A57E55-28BF-4822-BDD7-F8449F76C518}.Debug|Any CPU.Build.0 = Debug|Any CPU
		{E1A57E55-28BF-4822-BDD7-F8449F76C518}.Release|Any CPU.ActiveCfg = Release|Any CPU
		{E1A57E55-28BF-4822-BDD7-F8449F76C518}.Release|Any CPU.Build.0 = Release|Any CPU
		{EF43BAE8-A81D-4089-B75A-EFDBD3BF65BC}.Debug|Any CPU.ActiveCfg = Debug|Any CPU
		{EF43BAE8-A81D-4089-B75A-EFDBD3BF65BC}.Debug|Any CPU.Build.0 = Debug|Any CPU
		{EF43BAE8-A81D-4089-B75A-EFDBD3BF65BC}.Release|Any CPU.ActiveCfg = Release|Any CPU
		{EF43BAE8-A81D-4089-B75A-EFDBD3BF65BC}.Release|Any CPU.Build.0 = Release|Any CPU
	EndGlobalSection
	GlobalSection(SolutionProperties) = preSolution
		HideSolutionNode = FALSE
	EndGlobalSection
	GlobalSection(ExtensibilityGlobals) = postSolution
		SolutionGuid = {806C7ED6-28E5-4809-B793-0ABD7E7FD089}
	EndGlobalSection
EndGlobal
