
Microsoft Visual Studio Solution File, Format Version 12.00
# Visual Studio 15
VisualStudioVersion = 15.0.27130.2010
MinimumVisualStudioVersion = 10.0.40219.1
Project("{FAE04EC0-301F-11D3-BF4B-00C04F79EFBC}") = "Selfgram.WebApplication", "Selfgram.WebApplication\Selfgram.WebApplication.csproj", "{0CB6F827-1B6A-4420-8CC1-B2281C9DCC58}"
EndProject
Project("{E53339B2-1760-4266-BCC7-CA923CBCF16C}") = "docker-compose", "docker-compose.dcproj", "{A28AF460-3DEE-40FF-A215-8FD144A45FAE}"
EndProject
Project("{9A19103F-16F7-4668-BE54-9A1E7A4F7556}") = "Selfgram.Model", "..\Selfgram.Model\Selfgram.Model.csproj", "{06914220-B007-4641-B2A1-4E7B4D6B60A7}"
EndProject
Global
	GlobalSection(SolutionConfigurationPlatforms) = preSolution
		Debug|Any CPU = Debug|Any CPU
		Release|Any CPU = Release|Any CPU
	EndGlobalSection
	GlobalSection(ProjectConfigurationPlatforms) = postSolution
		{0CB6F827-1B6A-4420-8CC1-B2281C9DCC58}.Debug|Any CPU.ActiveCfg = Debug|Any CPU
		{0CB6F827-1B6A-4420-8CC1-B2281C9DCC58}.Debug|Any CPU.Build.0 = Debug|Any CPU
		{0CB6F827-1B6A-4420-8CC1-B2281C9DCC58}.Release|Any CPU.ActiveCfg = Release|Any CPU
		{0CB6F827-1B6A-4420-8CC1-B2281C9DCC58}.Release|Any CPU.Build.0 = Release|Any CPU
		{A28AF460-3DEE-40FF-A215-8FD144A45FAE}.Debug|Any CPU.ActiveCfg = Debug|Any CPU
		{A28AF460-3DEE-40FF-A215-8FD144A45FAE}.Debug|Any CPU.Build.0 = Debug|Any CPU
		{A28AF460-3DEE-40FF-A215-8FD144A45FAE}.Release|Any CPU.ActiveCfg = Release|Any CPU
		{A28AF460-3DEE-40FF-A215-8FD144A45FAE}.Release|Any CPU.Build.0 = Release|Any CPU
		{06914220-B007-4641-B2A1-4E7B4D6B60A7}.Debug|Any CPU.ActiveCfg = Debug|Any CPU
		{06914220-B007-4641-B2A1-4E7B4D6B60A7}.Debug|Any CPU.Build.0 = Debug|Any CPU
		{06914220-B007-4641-B2A1-4E7B4D6B60A7}.Release|Any CPU.ActiveCfg = Release|Any CPU
		{06914220-B007-4641-B2A1-4E7B4D6B60A7}.Release|Any CPU.Build.0 = Release|Any CPU
	EndGlobalSection
	GlobalSection(SolutionProperties) = preSolution
		HideSolutionNode = FALSE
	EndGlobalSection
	GlobalSection(ExtensibilityGlobals) = postSolution
		SolutionGuid = {9795A9E9-5BC5-46AD-B8C3-2DD86BB4662E}
	EndGlobalSection
EndGlobal
